// !$*UTF8*$!
{
	archiveVersion = 1;
	classes = {
	};
	objectVersion = 50;
	objects = {

/* Begin PBXBuildFile section */
		1FFE0B002433F2D700AFB3E6 /* AppDelegate.swift in Sources */ = {isa = PBXBuildFile; fileRef = 1FFE0AFF2433F2D700AFB3E6 /* AppDelegate.swift */; };
		1FFE0B022433F2D700AFB3E6 /* SceneDelegate.swift in Sources */ = {isa = PBXBuildFile; fileRef = 1FFE0B012433F2D700AFB3E6 /* SceneDelegate.swift */; };
		1FFE0B042433F2D700AFB3E6 /* ViewController.swift in Sources */ = {isa = PBXBuildFile; fileRef = 1FFE0B032433F2D700AFB3E6 /* ViewController.swift */; };
		1FFE0B072433F2D700AFB3E6 /* Main.storyboard in Resources */ = {isa = PBXBuildFile; fileRef = 1FFE0B052433F2D700AFB3E6 /* Main.storyboard */; };
		1FFE0B092433F2DB00AFB3E6 /* Assets.xcassets in Resources */ = {isa = PBXBuildFile; fileRef = 1FFE0B082433F2DB00AFB3E6 /* Assets.xcassets */; };
		1FFE0B0C2433F2DB00AFB3E6 /* LaunchScreen.storyboard in Resources */ = {isa = PBXBuildFile; fileRef = 1FFE0B0A2433F2DB00AFB3E6 /* LaunchScreen.storyboard */; };
		1FFE0B3124341E4800AFB3E6 /* 3rd_String_G_64kb.mp3 in Resources */ = {isa = PBXBuildFile; fileRef = 1FFE0B1924341E4700AFB3E6 /* 3rd_String_G_64kb.mp3 */; };
		1FFE0B3224341E4800AFB3E6 /* 4th_String_D_64kb.mp3 in Resources */ = {isa = PBXBuildFile; fileRef = 1FFE0B1A24341E4700AFB3E6 /* 4th_String_D_64kb.mp3 */; };
		1FFE0B3324341E4800AFB3E6 /* G.wav in Resources */ = {isa = PBXBuildFile; fileRef = 1FFE0B1B24341E4700AFB3E6 /* G.wav */; };
		1FFE0B3424341E4800AFB3E6 /* bell.wav in Resources */ = {isa = PBXBuildFile; fileRef = 1FFE0B1C24341E4800AFB3E6 /* bell.wav */; };
		1FFE0B3524341E4800AFB3E6 /* 6th_String_E_64kb.mp3 in Resources */ = {isa = PBXBuildFile; fileRef = 1FFE0B1D24341E4800AFB3E6 /* 6th_String_E_64kb.mp3 */; };
		1FFE0B3624341E4800AFB3E6 /* D.wav in Resources */ = {isa = PBXBuildFile; fileRef = 1FFE0B1E24341E4800AFB3E6 /* D.wav */; };
		1FFE0B3724341E4800AFB3E6 /* C.wav in Resources */ = {isa = PBXBuildFile; fileRef = 1FFE0B1F24341E4800AFB3E6 /* C.wav */; };
		1FFE0B3824341E4800AFB3E6 /* carbackground.wav in Resources */ = {isa = PBXBuildFile; fileRef = 1FFE0B2024341E4800AFB3E6 /* carbackground.wav */; };
		1FFE0B3924341E4800AFB3E6 /* C_64kb.mp3 in Resources */ = {isa = PBXBuildFile; fileRef = 1FFE0B2124341E4800AFB3E6 /* C_64kb.mp3 */; };
		1FFE0B3A24341E4800AFB3E6 /* A.wav in Resources */ = {isa = PBXBuildFile; fileRef = 1FFE0B2224341E4800AFB3E6 /* A.wav */; };
		1FFE0B3B24341E4800AFB3E6 /* 2nd_String_B__64kb.mp3 in Resources */ = {isa = PBXBuildFile; fileRef = 1FFE0B2324341E4800AFB3E6 /* 2nd_String_B__64kb.mp3 */; };
		1FFE0B3C24341E4800AFB3E6 /* computererror.wav in Resources */ = {isa = PBXBuildFile; fileRef = 1FFE0B2424341E4800AFB3E6 /* computererror.wav */; };
		1FFE0B3D24341E4800AFB3E6 /* D_64kb.mp3 in Resources */ = {isa = PBXBuildFile; fileRef = 1FFE0B2524341E4800AFB3E6 /* D_64kb.mp3 */; };
		1FFE0B3E24341E4800AFB3E6 /* Dm_64kb.mp3 in Resources */ = {isa = PBXBuildFile; fileRef = 1FFE0B2624341E4800AFB3E6 /* Dm_64kb.mp3 */; };
		1FFE0B3F24341E4800AFB3E6 /* E.wav in Resources */ = {isa = PBXBuildFile; fileRef = 1FFE0B2724341E4800AFB3E6 /* E.wav */; };
		1FFE0B4024341E4800AFB3E6 /* mobileticks.wav in Resources */ = {isa = PBXBuildFile; fileRef = 1FFE0B2824341E4800AFB3E6 /* mobileticks.wav */; };
		1FFE0B4124341E4800AFB3E6 /* F.wav in Resources */ = {isa = PBXBuildFile; fileRef = 1FFE0B2924341E4800AFB3E6 /* F.wav */; };
		1FFE0B4224341E4800AFB3E6 /* drum.wav in Resources */ = {isa = PBXBuildFile; fileRef = 1FFE0B2A24341E4800AFB3E6 /* drum.wav */; };
		1FFE0B4324341E4800AFB3E6 /* tick.wav in Resources */ = {isa = PBXBuildFile; fileRef = 1FFE0B2B24341E4800AFB3E6 /* tick.wav */; };
		1FFE0B4424341E4800AFB3E6 /* 1st_String_E_64kb.mp3 in Resources */ = {isa = PBXBuildFile; fileRef = 1FFE0B2C24341E4800AFB3E6 /* 1st_String_E_64kb.mp3 */; };
		1FFE0B4524341E4800AFB3E6 /* B.wav in Resources */ = {isa = PBXBuildFile; fileRef = 1FFE0B2D24341E4800AFB3E6 /* B.wav */; };
		1FFE0B4624341E4800AFB3E6 /* cord.wav in Resources */ = {isa = PBXBuildFile; fileRef = 1FFE0B2E24341E4800AFB3E6 /* cord.wav */; };
		1FFE0B4724341E4800AFB3E6 /* 5th_String_A_64kb.mp3 in Resources */ = {isa = PBXBuildFile; fileRef = 1FFE0B2F24341E4800AFB3E6 /* 5th_String_A_64kb.mp3 */; };
		1FFE0B4824341E4800AFB3E6 /* E_64kb.mp3 in Resources */ = {isa = PBXBuildFile; fileRef = 1FFE0B3024341E4800AFB3E6 /* E_64kb.mp3 */; };
/* End PBXBuildFile section */

/* Begin PBXFileReference section */
		1FFE0AFC2433F2D700AFB3E6 /* roliBlock.app */ = {isa = PBXFileReference; explicitFileType = wrapper.application; includeInIndex = 0; path = roliBlock.app; sourceTree = BUILT_PRODUCTS_DIR; };
		1FFE0AFF2433F2D700AFB3E6 /* AppDelegate.swift */ = {isa = PBXFileReference; lastKnownFileType = sourcecode.swift; path = AppDelegate.swift; sourceTree = "<group>"; };
		1FFE0B012433F2D700AFB3E6 /* SceneDelegate.swift */ = {isa = PBXFileReference; lastKnownFileType = sourcecode.swift; path = SceneDelegate.swift; sourceTree = "<group>"; };
		1FFE0B032433F2D700AFB3E6 /* ViewController.swift */ = {isa = PBXFileReference; lastKnownFileType = sourcecode.swift; path = ViewController.swift; sourceTree = "<group>"; };
		1FFE0B062433F2D700AFB3E6 /* Base */ = {isa = PBXFileReference; lastKnownFileType = file.storyboard; name = Base; path = Base.lproj/Main.storyboard; sourceTree = "<group>"; };
		1FFE0B082433F2DB00AFB3E6 /* Assets.xcassets */ = {isa = PBXFileReference; lastKnownFileType = folder.assetcatalog; path = Assets.xcassets; sourceTree = "<group>"; };
		1FFE0B0B2433F2DB00AFB3E6 /* Base */ = {isa = PBXFileReference; lastKnownFileType = file.storyboard; name = Base; path = Base.lproj/LaunchScreen.storyboard; sourceTree = "<group>"; };
		1FFE0B0D2433F2DB00AFB3E6 /* Info.plist */ = {isa = PBXFileReference; lastKnownFileType = text.plist.xml; path = Info.plist; sourceTree = "<group>"; };
		1FFE0B1924341E4700AFB3E6 /* 3rd_String_G_64kb.mp3 */ = {isa = PBXFileReference; lastKnownFileType = audio.mp3; name = 3rd_String_G_64kb.mp3; path = roliBlock/sounds/3rd_String_G_64kb.mp3; sourceTree = SOURCE_ROOT; };
		1FFE0B1A24341E4700AFB3E6 /* 4th_String_D_64kb.mp3 */ = {isa = PBXFileReference; lastKnownFileType = audio.mp3; name = 4th_String_D_64kb.mp3; path = roliBlock/sounds/4th_String_D_64kb.mp3; sourceTree = SOURCE_ROOT; };
		1FFE0B1B24341E4700AFB3E6 /* G.wav */ = {isa = PBXFileReference; lastKnownFileType = audio.wav; name = G.wav; path = roliBlock/sounds/G.wav; sourceTree = SOURCE_ROOT; };
		1FFE0B1C24341E4800AFB3E6 /* bell.wav */ = {isa = PBXFileReference; lastKnownFileType = audio.wav; name = bell.wav; path = roliBlock/sounds/bell.wav; sourceTree = SOURCE_ROOT; };
		1FFE0B1D24341E4800AFB3E6 /* 6th_String_E_64kb.mp3 */ = {isa = PBXFileReference; lastKnownFileType = audio.mp3; name = 6th_String_E_64kb.mp3; path = roliBlock/sounds/6th_String_E_64kb.mp3; sourceTree = SOURCE_ROOT; };
		1FFE0B1E24341E4800AFB3E6 /* D.wav */ = {isa = PBXFileReference; lastKnownFileType = audio.wav; name = D.wav; path = roliBlock/sounds/D.wav; sourceTree = SOURCE_ROOT; };
		1FFE0B1F24341E4800AFB3E6 /* C.wav */ = {isa = PBXFileReference; lastKnownFileType = audio.wav; name = C.wav; path = roliBlock/sounds/C.wav; sourceTree = SOURCE_ROOT; };
		1FFE0B2024341E4800AFB3E6 /* carbackground.wav */ = {isa = PBXFileReference; lastKnownFileType = audio.wav; name = carbackground.wav; path = roliBlock/sounds/carbackground.wav; sourceTree = SOURCE_ROOT; };
		1FFE0B2124341E4800AFB3E6 /* C_64kb.mp3 */ = {isa = PBXFileReference; lastKnownFileType = audio.mp3; name = C_64kb.mp3; path = roliBlock/sounds/C_64kb.mp3; sourceTree = SOURCE_ROOT; };
		1FFE0B2224341E4800AFB3E6 /* A.wav */ = {isa = PBXFileReference; lastKnownFileType = audio.wav; name = A.wav; path = roliBlock/sounds/A.wav; sourceTree = SOURCE_ROOT; };
		1FFE0B2324341E4800AFB3E6 /* 2nd_String_B__64kb.mp3 */ = {isa = PBXFileReference; lastKnownFileType = audio.mp3; name = 2nd_String_B__64kb.mp3; path = roliBlock/sounds/2nd_String_B__64kb.mp3; sourceTree = SOURCE_ROOT; };
		1FFE0B2424341E4800AFB3E6 /* computererror.wav */ = {isa = PBXFileReference; lastKnownFileType = audio.wav; name = computererror.wav; path = roliBlock/sounds/computererror.wav; sourceTree = SOURCE_ROOT; };
		1FFE0B2524341E4800AFB3E6 /* D_64kb.mp3 */ = {isa = PBXFileReference; lastKnownFileType = audio.mp3; name = D_64kb.mp3; path = roliBlock/sounds/D_64kb.mp3; sourceTree = SOURCE_ROOT; };
		1FFE0B2624341E4800AFB3E6 /* Dm_64kb.mp3 */ = {isa = PBXFileReference; lastKnownFileType = audio.mp3; name = Dm_64kb.mp3; path = roliBlock/sounds/Dm_64kb.mp3; sourceTree = SOURCE_ROOT; };
		1FFE0B2724341E4800AFB3E6 /* E.wav */ = {isa = PBXFileReference; lastKnownFileType = audio.wav; name = E.wav; path = roliBlock/sounds/E.wav; sourceTree = SOURCE_ROOT; };
		1FFE0B2824341E4800AFB3E6 /* mobileticks.wav */ = {isa = PBXFileReference; lastKnownFileType = audio.wav; name = mobileticks.wav; path = roliBlock/sounds/mobileticks.wav; sourceTree = SOURCE_ROOT; };
		1FFE0B2924341E4800AFB3E6 /* F.wav */ = {isa = PBXFileReference; lastKnownFileType = audio.wav; name = F.wav; path = roliBlock/sounds/F.wav; sourceTree = SOURCE_ROOT; };
		1FFE0B2A24341E4800AFB3E6 /* drum.wav */ = {isa = PBXFileReference; lastKnownFileType = audio.wav; name = drum.wav; path = roliBlock/sounds/drum.wav; sourceTree = SOURCE_ROOT; };
		1FFE0B2B24341E4800AFB3E6 /* tick.wav */ = {isa = PBXFileReference; lastKnownFileType = audio.wav; name = tick.wav; path = roliBlock/sounds/tick.wav; sourceTree = SOURCE_ROOT; };
		1FFE0B2C24341E4800AFB3E6 /* 1st_String_E_64kb.mp3 */ = {isa = PBXFileReference; lastKnownFileType = audio.mp3; name = 1st_String_E_64kb.mp3; path = roliBlock/sounds/1st_String_E_64kb.mp3; sourceTree = SOURCE_ROOT; };
		1FFE0B2D24341E4800AFB3E6 /* B.wav */ = {isa = PBXFileReference; lastKnownFileType = audio.wav; name = B.wav; path = roliBlock/sounds/B.wav; sourceTree = SOURCE_ROOT; };
		1FFE0B2E24341E4800AFB3E6 /* cord.wav */ = {isa = PBXFileReference; lastKnownFileType = audio.wav; name = cord.wav; path = roliBlock/sounds/cord.wav; sourceTree = SOURCE_ROOT; };
		1FFE0B2F24341E4800AFB3E6 /* 5th_String_A_64kb.mp3 */ = {isa = PBXFileReference; lastKnownFileType = audio.mp3; name = 5th_String_A_64kb.mp3; path = roliBlock/sounds/5th_String_A_64kb.mp3; sourceTree = SOURCE_ROOT; };
		1FFE0B3024341E4800AFB3E6 /* E_64kb.mp3 */ = {isa = PBXFileReference; lastKnownFileType = audio.mp3; name = E_64kb.mp3; path = roliBlock/sounds/E_64kb.mp3; sourceTree = SOURCE_ROOT; };
/* End PBXFileReference section */

/* Begin PBXFrameworksBuildPhase section */
		1FFE0AF92433F2D700AFB3E6 /* Frameworks */ = {
			isa = PBXFrameworksBuildPhase;
			buildActionMask = 2147483647;
			files = (
			);
			runOnlyForDeploymentPostprocessing = 0;
		};
/* End PBXFrameworksBuildPhase section */

/* Begin PBXGroup section */
		1FFE0AF32433F2D700AFB3E6 = {
			isa = PBXGroup;
			children = (
				1FFE0AFE2433F2D700AFB3E6 /* roliBlock */,
				1FFE0AFD2433F2D700AFB3E6 /* Products */,
			);
			sourceTree = "<group>";
		};
		1FFE0AFD2433F2D700AFB3E6 /* Products */ = {
			isa = PBXGroup;
			children = (
				1FFE0AFC2433F2D700AFB3E6 /* roliBlock.app */,
			);
			name = Products;
			sourceTree = "<group>";
		};
		1FFE0AFE2433F2D700AFB3E6 /* roliBlock */ = {
			isa = PBXGroup;
			children = (
				1FFE0AFF2433F2D700AFB3E6 /* AppDelegate.swift */,
				1FFE0B012433F2D700AFB3E6 /* SceneDelegate.swift */,
				1FFE0B032433F2D700AFB3E6 /* ViewController.swift */,
				1FFE0B052433F2D700AFB3E6 /* Main.storyboard */,
				1FFE0B082433F2DB00AFB3E6 /* Assets.xcassets */,
				1FFE0B0A2433F2DB00AFB3E6 /* LaunchScreen.storyboard */,
				1FFE0B0D2433F2DB00AFB3E6 /* Info.plist */,
				1FFE0B1824341DF800AFB3E6 /* music */,
			);
			path = roliBlock;
			sourceTree = "<group>";
		};
		1FFE0B1824341DF800AFB3E6 /* music */ = {
			isa = PBXGroup;
			children = (
				1FFE0B2C24341E4800AFB3E6 /* 1st_String_E_64kb.mp3 */,
				1FFE0B2324341E4800AFB3E6 /* 2nd_String_B__64kb.mp3 */,
				1FFE0B1924341E4700AFB3E6 /* 3rd_String_G_64kb.mp3 */,
				1FFE0B1A24341E4700AFB3E6 /* 4th_String_D_64kb.mp3 */,
				1FFE0B2F24341E4800AFB3E6 /* 5th_String_A_64kb.mp3 */,
				1FFE0B1D24341E4800AFB3E6 /* 6th_String_E_64kb.mp3 */,
				1FFE0B2224341E4800AFB3E6 /* A.wav */,
				1FFE0B2D24341E4800AFB3E6 /* B.wav */,
				1FFE0B1C24341E4800AFB3E6 /* bell.wav */,
				1FFE0B2124341E4800AFB3E6 /* C_64kb.mp3 */,
				1FFE0B1F24341E4800AFB3E6 /* C.wav */,
				1FFE0B2024341E4800AFB3E6 /* carbackground.wav */,
				1FFE0B2424341E4800AFB3E6 /* computererror.wav */,
				1FFE0B2E24341E4800AFB3E6 /* cord.wav */,
				1FFE0B2524341E4800AFB3E6 /* D_64kb.mp3 */,
				1FFE0B1E24341E4800AFB3E6 /* D.wav */,
				1FFE0B2624341E4800AFB3E6 /* Dm_64kb.mp3 */,
				1FFE0B2A24341E4800AFB3E6 /* drum.wav */,
				1FFE0B3024341E4800AFB3E6 /* E_64kb.mp3 */,
				1FFE0B2724341E4800AFB3E6 /* E.wav */,
				1FFE0B2924341E4800AFB3E6 /* F.wav */,
				1FFE0B1B24341E4700AFB3E6 /* G.wav */,
				1FFE0B2824341E4800AFB3E6 /* mobileticks.wav */,
				1FFE0B2B24341E4800AFB3E6 /* tick.wav */,
			);
			path = music;
			sourceTree = "<group>";
		};
/* End PBXGroup section */

/* Begin PBXNativeTarget section */
		1FFE0AFB2433F2D700AFB3E6 /* roliBlock */ = {
			isa = PBXNativeTarget;
			buildConfigurationList = 1FFE0B102433F2DB00AFB3E6 /* Build configuration list for PBXNativeTarget "roliBlock" */;
			buildPhases = (
				1FFE0AF82433F2D700AFB3E6 /* Sources */,
				1FFE0AF92433F2D700AFB3E6 /* Frameworks */,
				1FFE0AFA2433F2D700AFB3E6 /* Resources */,
			);
			buildRules = (
			);
			dependencies = (
			);
			name = roliBlock;
			productName = roliBlock;
			productReference = 1FFE0AFC2433F2D700AFB3E6 /* roliBlock.app */;
			productType = "com.apple.product-type.application";
		};
/* End PBXNativeTarget section */

/* Begin PBXProject section */
		1FFE0AF42433F2D700AFB3E6 /* Project object */ = {
			isa = PBXProject;
			attributes = {
				LastSwiftUpdateCheck = 1130;
				LastUpgradeCheck = 1130;
				ORGANIZATIONNAME = "Amr Moussa";
				TargetAttributes = {
					1FFE0AFB2433F2D700AFB3E6 = {
						CreatedOnToolsVersion = 11.3.1;
					};
				};
			};
			buildConfigurationList = 1FFE0AF72433F2D700AFB3E6 /* Build configuration list for PBXProject "roliBlock" */;
			compatibilityVersion = "Xcode 9.3";
			developmentRegion = en;
			hasScannedForEncodings = 0;
			knownRegions = (
				en,
				Base,
			);
			mainGroup = 1FFE0AF32433F2D700AFB3E6;
			productRefGroup = 1FFE0AFD2433F2D700AFB3E6 /* Products */;
			projectDirPath = "";
			projectRoot = "";
			targets = (
				1FFE0AFB2433F2D700AFB3E6 /* roliBlock */,
			);
		};
/* End PBXProject section */

/* Begin PBXResourcesBuildPhase section */
		1FFE0AFA2433F2D700AFB3E6 /* Resources */ = {
			isa = PBXResourcesBuildPhase;
			buildActionMask = 2147483647;
			files = (
				1FFE0B4624341E4800AFB3E6 /* cord.wav in Resources */,
				1FFE0B3624341E4800AFB3E6 /* D.wav in Resources */,
				1FFE0B4724341E4800AFB3E6 /* 5th_String_A_64kb.mp3 in Resources */,
				1FFE0B3324341E4800AFB3E6 /* G.wav in Resources */,
				1FFE0B3D24341E4800AFB3E6 /* D_64kb.mp3 in Resources */,
				1FFE0B4524341E4800AFB3E6 /* B.wav in Resources */,
				1FFE0B4124341E4800AFB3E6 /* F.wav in Resources */,
				1FFE0B0C2433F2DB00AFB3E6 /* LaunchScreen.storyboard in Resources */,
				1FFE0B4324341E4800AFB3E6 /* tick.wav in Resources */,
				1FFE0B3A24341E4800AFB3E6 /* A.wav in Resources */,
				1FFE0B3424341E4800AFB3E6 /* bell.wav in Resources */,
				1FFE0B3F24341E4800AFB3E6 /* E.wav in Resources */,
				1FFE0B3724341E4800AFB3E6 /* C.wav in Resources */,
				1FFE0B3B24341E4800AFB3E6 /* 2nd_String_B__64kb.mp3 in Resources */,
				1FFE0B3924341E4800AFB3E6 /* C_64kb.mp3 in Resources */,
				1FFE0B3824341E4800AFB3E6 /* carbackground.wav in Resources */,
				1FFE0B3E24341E4800AFB3E6 /* Dm_64kb.mp3 in Resources */,
				1FFE0B3224341E4800AFB3E6 /* 4th_String_D_64kb.mp3 in Resources */,
				1FFE0B4424341E4800AFB3E6 /* 1st_String_E_64kb.mp3 in Resources */,
				1FFE0B3C24341E4800AFB3E6 /* computererror.wav in Resources */,
				1FFE0B4224341E4800AFB3E6 /* drum.wav in Resources */,
				1FFE0B4024341E4800AFB3E6 /* mobileticks.wav in Resources */,
				1FFE0B4824341E4800AFB3E6 /* E_64kb.mp3 in Resources */,
				1FFE0B092433F2DB00AFB3E6 /* Assets.xcassets in Resources */,
				1FFE0B3524341E4800AFB3E6 /* 6th_String_E_64kb.mp3 in Resources */,
				1FFE0B3124341E4800AFB3E6 /* 3rd_String_G_64kb.mp3 in Resources */,
				1FFE0B072433F2D700AFB3E6 /* Main.storyboard in Resources */,
			);
			runOnlyForDeploymentPostprocessing = 0;
		};
/* End PBXResourcesBuildPhase section */

/* Begin PBXSourcesBuildPhase section */
		1FFE0AF82433F2D700AFB3E6 /* Sources */ = {
			isa = PBXSourcesBuildPhase;
			buildActionMask = 2147483647;
			files = (
				1FFE0B042433F2D700AFB3E6 /* ViewController.swift in Sources */,
				1FFE0B002433F2D700AFB3E6 /* AppDelegate.swift in Sources */,
				1FFE0B022433F2D700AFB3E6 /* SceneDelegate.swift in Sources */,
			);
			runOnlyForDeploymentPostprocessing = 0;
		};
/* End PBXSourcesBuildPhase section */

/* Begin PBXVariantGroup section */
		1FFE0B052433F2D700AFB3E6 /* Main.storyboard */ = {
			isa = PBXVariantGroup;
			children = (
				1FFE0B062433F2D700AFB3E6 /* Base */,
			);
			name = Main.storyboard;
			sourceTree = "<group>";
		};
		1FFE0B0A2433F2DB00AFB3E6 /* LaunchScreen.storyboard */ = {
			isa = PBXVariantGroup;
			children = (
				1FFE0B0B2433F2DB00AFB3E6 /* Base */,
			);
			name = LaunchScreen.storyboard;
			sourceTree = "<group>";
		};
/* End PBXVariantGroup section */

/* Begin XCBuildConfiguration section */
		1FFE0B0E2433F2DB00AFB3E6 /* Debug */ = {
			isa = XCBuildConfiguration;
			buildSettings = {
				ALWAYS_SEARCH_USER_PATHS = NO;
				CLANG_ANALYZER_NONNULL = YES;
				CLANG_ANALYZER_NUMBER_OBJECT_CONVERSION = YES_AGGRESSIVE;
				CLANG_CXX_LANGUAGE_STANDARD = "gnu++14";
				CLANG_CXX_LIBRARY = "libc++";
				CLANG_ENABLE_MODULES = YES;
				CLANG_ENABLE_OBJC_ARC = YES;
				CLANG_ENABLE_OBJC_WEAK = YES;
				CLANG_WARN_BLOCK_CAPTURE_AUTORELEASING = YES;
				CLANG_WARN_BOOL_CONVERSION = YES;
				CLANG_WARN_COMMA = YES;
				CLANG_WARN_CONSTANT_CONVERSION = YES;
				CLANG_WARN_DEPRECATED_OBJC_IMPLEMENTATIONS = YES;
				CLANG_WARN_DIRECT_OBJC_ISA_USAGE = YES_ERROR;
				CLANG_WARN_DOCUMENTATION_COMMENTS = YES;
				CLANG_WARN_EMPTY_BODY = YES;
				CLANG_WARN_ENUM_CONVERSION = YES;
				CLANG_WARN_INFINITE_RECURSION = YES;
				CLANG_WARN_INT_CONVERSION = YES;
				CLANG_WARN_NON_LITERAL_NULL_CONVERSION = YES;
				CLANG_WARN_OBJC_IMPLICIT_RETAIN_SELF = YES;
				CLANG_WARN_OBJC_LITERAL_CONVERSION = YES;
				CLANG_WARN_OBJC_ROOT_CLASS = YES_ERROR;
				CLANG_WARN_RANGE_LOOP_ANALYSIS = YES;
				CLANG_WARN_STRICT_PROTOTYPES = YES;
				CLANG_WARN_SUSPICIOUS_MOVE = YES;
				CLANG_WARN_UNGUARDED_AVAILABILITY = YES_AGGRESSIVE;
				CLANG_WARN_UNREACHABLE_CODE = YES;
				CLANG_WARN__DUPLICATE_METHOD_MATCH = YES;
				COPY_PHASE_STRIP = NO;
				DEBUG_INFORMATION_FORMAT = dwarf;
				ENABLE_STRICT_OBJC_MSGSEND = YES;
				ENABLE_TESTABILITY = YES;
				GCC_C_LANGUAGE_STANDARD = gnu11;
				GCC_DYNAMIC_NO_PIC = NO;
				GCC_NO_COMMON_BLOCKS = YES;
				GCC_OPTIMIZATION_LEVEL = 0;
				GCC_PREPROCESSOR_DEFINITIONS = (
					"DEBUG=1",
					"$(inherited)",
				);
				GCC_WARN_64_TO_32_BIT_CONVERSION = YES;
				GCC_WARN_ABOUT_RETURN_TYPE = YES_ERROR;
				GCC_WARN_UNDECLARED_SELECTOR = YES;
				GCC_WARN_UNINITIALIZED_AUTOS = YES_AGGRESSIVE;
				GCC_WARN_UNUSED_FUNCTION = YES;
				GCC_WARN_UNUSED_VARIABLE = YES;
				IPHONEOS_DEPLOYMENT_TARGET = 13.2;
				MTL_ENABLE_DEBUG_INFO = INCLUDE_SOURCE;
				MTL_FAST_MATH = YES;
				ONLY_ACTIVE_ARCH = YES;
				SDKROOT = iphoneos;
				SWIFT_ACTIVE_COMPILATION_CONDITIONS = DEBUG;
				SWIFT_OPTIMIZATION_LEVEL = "-Onone";
			};
			name = Debug;
		};
		1FFE0B0F2433F2DB00AFB3E6 /* Release */ = {
			isa = XCBuildConfiguration;
			buildSettings = {
				ALWAYS_SEARCH_USER_PATHS = NO;
				CLANG_ANALYZER_NONNULL = YES;
				CLANG_ANALYZER_NUMBER_OBJECT_CONVERSION = YES_AGGRESSIVE;
				CLANG_CXX_LANGUAGE_STANDARD = "gnu++14";
				CLANG_CXX_LIBRARY = "libc++";
				CLANG_ENABLE_MODULES = YES;
				CLANG_ENABLE_OBJC_ARC = YES;
				CLANG_ENABLE_OBJC_WEAK = YES;
				CLANG_WARN_BLOCK_CAPTURE_AUTORELEASING = YES;
				CLANG_WARN_BOOL_CONVERSION = YES;
				CLANG_WARN_COMMA = YES;
				CLANG_WARN_CONSTANT_CONVERSION = YES;
				CLANG_WARN_DEPRECATED_OBJC_IMPLEMENTATIONS = YES;
				CLANG_WARN_DIRECT_OBJC_ISA_USAGE = YES_ERROR;
				CLANG_WARN_DOCUMENTATION_COMMENTS = YES;
				CLANG_WARN_EMPTY_BODY = YES;
				CLANG_WARN_ENUM_CONVERSION = YES;
				CLANG_WARN_INFINITE_RECURSION = YES;
				CLANG_WARN_INT_CONVERSION = YES;
				CLANG_WARN_NON_LITERAL_NULL_CONVERSION = YES;
				CLANG_WARN_OBJC_IMPLICIT_RETAIN_SELF = YES;
				CLANG_WARN_OBJC_LITERAL_CONVERSION = YES;
				CLANG_WARN_OBJC_ROOT_CLASS = YES_ERROR;
				CLANG_WARN_RANGE_LOOP_ANALYSIS = YES;
				CLANG_WARN_STRICT_PROTOTYPES = YES;
				CLANG_WARN_SUSPICIOUS_MOVE = YES;
				CLANG_WARN_UNGUARDED_AVAILABILITY = YES_AGGRESSIVE;
				CLANG_WARN_UNREACHABLE_CODE = YES;
				CLANG_WARN__DUPLICATE_METHOD_MATCH = YES;
				COPY_PHASE_STRIP = NO;
				DEBUG_INFORMATION_FORMAT = "dwarf-with-dsym";
				ENABLE_NS_ASSERTIONS = NO;
				ENABLE_STRICT_OBJC_MSGSEND = YES;
				GCC_C_LANGUAGE_STANDARD = gnu11;
				GCC_NO_COMMON_BLOCKS = YES;
				GCC_WARN_64_TO_32_BIT_CONVERSION = YES;
				GCC_WARN_ABOUT_RETURN_TYPE = YES_ERROR;
				GCC_WARN_UNDECLARED_SELECTOR = YES;
				GCC_WARN_UNINITIALIZED_AUTOS = YES_AGGRESSIVE;
				GCC_WARN_UNUSED_FUNCTION = YES;
				GCC_WARN_UNUSED_VARIABLE = YES;
				IPHONEOS_DEPLOYMENT_TARGET = 13.2;
				MTL_ENABLE_DEBUG_INFO = NO;
				MTL_FAST_MATH = YES;
				SDKROOT = iphoneos;
				SWIFT_COMPILATION_MODE = wholemodule;
				SWIFT_OPTIMIZATION_LEVEL = "-O";
				VALIDATE_PRODUCT = YES;
			};
			name = Release;
		};
		1FFE0B112433F2DB00AFB3E6 /* Debug */ = {
			isa = XCBuildConfiguration;
			buildSettings = {
				ASSETCATALOG_COMPILER_APPICON_NAME = AppIcon;
				CODE_SIGN_STYLE = Automatic;
				DEVELOPMENT_TEAM = GWXAFB6JRH;
				INFOPLIST_FILE = roliBlock/Info.plist;
				LD_RUNPATH_SEARCH_PATHS = (
					"$(inherited)",
					"@executable_path/Frameworks",
				);
				PRODUCT_BUNDLE_IDENTIFIER = "Amr-mouusa.roliBlock";
				PRODUCT_NAME = "$(TARGET_NAME)";
				SWIFT_VERSION = 5.0;
				TARGETED_DEVICE_FAMILY = "1,2";
			};
			name = Debug;
		};
		1FFE0B122433F2DB00AFB3E6 /* Release */ = {
			isa = XCBuildConfiguration;
			buildSettings = {
				ASSETCATALOG_COMPILER_APPICON_NAME = AppIcon;
				CODE_SIGN_STYLE = Automatic;
				DEVELOPMENT_TEAM = GWXAFB6JRH;
				INFOPLIST_FILE = roliBlock/Info.plist;
				LD_RUNPATH_SEARCH_PATHS = (
					"$(inherited)",
					"@executable_path/Frameworks",
				);
				PRODUCT_BUNDLE_IDENTIFIER = "Amr-mouusa.roliBlock";
				PRODUCT_NAME = "$(TARGET_NAME)";
				SWIFT_VERSION = 5.0;
				TARGETED_DEVICE_FAMILY = "1,2";
			};
			name = Release;
		};
/* End XCBuildConfiguration section */

/* Begin XCConfigurationList section */
		1FFE0AF72433F2D700AFB3E6 /* Build configuration list for PBXProject "roliBlock" */ = {
			isa = XCConfigurationList;
			buildConfigurations = (
				1FFE0B0E2433F2DB00AFB3E6 /* Debug */,
				1FFE0B0F2433F2DB00AFB3E6 /* Release */,
			);
			defaultConfigurationIsVisible = 0;
			defaultConfigurationName = Release;
		};
		1FFE0B102433F2DB00AFB3E6 /* Build configuration list for PBXNativeTarget "roliBlock" */ = {
			isa = XCConfigurationList;
			buildConfigurations = (
				1FFE0B112433F2DB00AFB3E6 /* Debug */,
				1FFE0B122433F2DB00AFB3E6 /* Release */,
			);
			defaultConfigurationIsVisible = 0;
			defaultConfigurationName = Release;
		};
/* End XCConfigurationList section */
	};
	rootObject = 1FFE0AF42433F2D700AFB3E6 /* Project object */;
}
